
Microsoft Visual Studio Solution File, Format Version 12.00
# Visual Studio Version 17
VisualStudioVersion = 17.6.33723.286
MinimumVisualStudioVersion = 10.0.40219.1
Project("{FAE04EC0-301F-11D3-BF4B-00C04F79EFBC}") = "Router", "Router\Router.csproj", "{2E5E7F4B-2DD9-4289-BE2F-866C233C4EFD}"
EndProject
Project("{FAE04EC0-301F-11D3-BF4B-00C04F79EFBC}") = "Router.Wasm", "Router.Wasm\Router.Wasm.csproj", "{80BC9CBA-DEC8-4165-AF55-E8FBCFC78D84}"
EndProject
Project("{2150E333-8FDC-42A3-9474-1A3956D46DE8}") = "Blazorex", "Blazorex", "{4E7F3062-31F4-0BA8-E481-ED63D6052B94}"
EndProject
Project("{2150E333-8FDC-42A3-9474-1A3956D46DE8}") = "src", "src", "{8B87F583-0998-2CA3-2438-B9124E7EC9BA}"
EndProject
Project("{FAE04EC0-301F-11D3-BF4B-00C04F79EFBC}") = "Blazorex", "Blazorex\src\Blazorex\Blazorex.csproj", "{99E1A34E-9D89-4B1C-A9FC-5EE34B33AA39}"
EndProject
Global
	GlobalSection(SolutionConfigurationPlatforms) = preSolution
		Debug|Any CPU = Debug|Any CPU
		Debug|x64 = Debug|x64
		Debug|x86 = Debug|x86
		Release|Any CPU = Release|Any CPU
		Release|x64 = Release|x64
		Release|x86 = Release|x86
	EndGlobalSection
	GlobalSection(ProjectConfigurationPlatforms) = postSolution
		{2E5E7F4B-2DD9-4289-BE2F-866C233C4EFD}.Debug|Any CPU.ActiveCfg = Debug|Any CPU
		{2E5E7F4B-2DD9-4289-BE2F-866C233C4EFD}.Debug|Any CPU.Build.0 = Debug|Any CPU
		{2E5E7F4B-2DD9-4289-BE2F-866C233C4EFD}.Debug|x64.ActiveCfg = Debug|Any CPU
		{2E5E7F4B-2DD9-4289-BE2F-866C233C4EFD}.Debug|x64.Build.0 = Debug|Any CPU
		{2E5E7F4B-2DD9-4289-BE2F-866C233C4EFD}.Debug|x86.ActiveCfg = Debug|Any CPU
		{2E5E7F4B-2DD9-4289-BE2F-866C233C4EFD}.Debug|x86.Build.0 = Debug|Any CPU
		{2E5E7F4B-2DD9-4289-BE2F-866C233C4EFD}.Release|Any CPU.ActiveCfg = Release|Any CPU
		{2E5E7F4B-2DD9-4289-BE2F-866C233C4EFD}.Release|Any CPU.Build.0 = Release|Any CPU
		{2E5E7F4B-2DD9-4289-BE2F-866C233C4EFD}.Release|x64.ActiveCfg = Release|Any CPU
		{2E5E7F4B-2DD9-4289-BE2F-866C233C4EFD}.Release|x64.Build.0 = Release|Any CPU
		{2E5E7F4B-2DD9-4289-BE2F-866C233C4EFD}.Release|x86.ActiveCfg = Release|Any CPU
		{2E5E7F4B-2DD9-4289-BE2F-866C233C4EFD}.Release|x86.Build.0 = Release|Any CPU
		{80BC9CBA-DEC8-4165-AF55-E8FBCFC78D84}.Debug|Any CPU.ActiveCfg = Debug|Any CPU
		{80BC9CBA-DEC8-4165-AF55-E8FBCFC78D84}.Debug|Any CPU.Build.0 = Debug|Any CPU
		{80BC9CBA-DEC8-4165-AF55-E8FBCFC78D84}.Debug|x64.ActiveCfg = Debug|Any CPU
		{80BC9CBA-DEC8-4165-AF55-E8FBCFC78D84}.Debug|x64.Build.0 = Debug|Any CPU
		{80BC9CBA-DEC8-4165-AF55-E8FBCFC78D84}.Debug|x86.ActiveCfg = Debug|Any CPU
		{80BC9CBA-DEC8-4165-AF55-E8FBCFC78D84}.Debug|x86.Build.0 = Debug|Any CPU
		{80BC9CBA-DEC8-4165-AF55-E8FBCFC78D84}.Release|Any CPU.ActiveCfg = Release|Any CPU
		{80BC9CBA-DEC8-4165-AF55-E8FBCFC78D84}.Release|Any CPU.Build.0 = Release|Any CPU
		{80BC9CBA-DEC8-4165-AF55-E8FBCFC78D84}.Release|x64.ActiveCfg = Release|Any CPU
		{80BC9CBA-DEC8-4165-AF55-E8FBCFC78D84}.Release|x64.Build.0 = Release|Any CPU
		{80BC9CBA-DEC8-4165-AF55-E8FBCFC78D84}.Release|x86.ActiveCfg = Release|Any CPU
		{80BC9CBA-DEC8-4165-AF55-E8FBCFC78D84}.Release|x86.Build.0 = Release|Any CPU
		{99E1A34E-9D89-4B1C-A9FC-5EE34B33AA39}.Debug|Any CPU.ActiveCfg = Debug|Any CPU
		{99E1A34E-9D89-4B1C-A9FC-5EE34B33AA39}.Debug|Any CPU.Build.0 = Debug|Any CPU
		{99E1A34E-9D89-4B1C-A9FC-5EE34B33AA39}.Debug|x64.ActiveCfg = Debug|Any CPU
		{99E1A34E-9D89-4B1C-A9FC-5EE34B33AA39}.Debug|x64.Build.0 = Debug|Any CPU
		{99E1A34E-9D89-4B1C-A9FC-5EE34B33AA39}.Debug|x86.ActiveCfg = Debug|Any CPU
		{99E1A34E-9D89-4B1C-A9FC-5EE34B33AA39}.Debug|x86.Build.0 = Debug|Any CPU
		{99E1A34E-9D89-4B1C-A9FC-5EE34B33AA39}.Release|Any CPU.ActiveCfg = Release|Any CPU
		{99E1A34E-9D89-4B1C-A9FC-5EE34B33AA39}.Release|Any CPU.Build.0 = Release|Any CPU
		{99E1A34E-9D89-4B1C-A9FC-5EE34B33AA39}.Release|x64.ActiveCfg = Release|Any CPU
		{99E1A34E-9D89-4B1C-A9FC-5EE34B33AA39}.Release|x64.Build.0 = Release|Any CPU
		{99E1A34E-9D89-4B1C-A9FC-5EE34B33AA39}.Release|x86.ActiveCfg = Release|Any CPU
		{99E1A34E-9D89-4B1C-A9FC-5EE34B33AA39}.Release|x86.Build.0 = Release|Any CPU
	EndGlobalSection
	GlobalSection(SolutionProperties) = preSolution
		HideSolutionNode = FALSE
	EndGlobalSection
	GlobalSection(NestedProjects) = preSolution
		{8B87F583-0998-2CA3-2438-B9124E7EC9BA} = {4E7F3062-31F4-0BA8-E481-ED63D6052B94}
		{99E1A34E-9D89-4B1C-A9FC-5EE34B33AA39} = {8B87F583-0998-2CA3-2438-B9124E7EC9BA}
	EndGlobalSection
	GlobalSection(ExtensibilityGlobals) = postSolution
		SolutionGuid = {4435A6E7-4D58-44ED-9C16-895FDF50D525}
	EndGlobalSection
EndGlobal
